
Microsoft Visual Studio Solution File, Format Version 12.00
# Visual Studio 15
VisualStudioVersion = 15.0.26730.8
MinimumVisualStudioVersion = 10.0.40219.1
Project("{9A19103F-16F7-4668-BE54-9A1E7A4F7556}") = "EvtSource", "EvtSource\EvtSource.csproj", "{88A927DA-E0E0-4C6C-A40F-818229E53EF1}"
EndProject
Global
	GlobalSection(SolutionConfigurationPlatforms) = preSolution
		Debug|Any CPU = Debug|Any CPU
		Release|Any CPU = Release|Any CPU
	EndGlobalSection
	GlobalSection(ProjectConfigurationPlatforms) = postSolution
		{88A927DA-E0E0-4C6C-A40F-818229E53EF1}.Debug|Any CPU.ActiveCfg = Debug|Any CPU
		{88A927DA-E0E0-4C6C-A40F-818229E53EF1}.Debug|Any CPU.Build.0 = Debug|Any CPU
		{88A927DA-E0E0-4C6C-A40F-818229E53EF1}.Release|Any CPU.ActiveCfg = Release|Any CPU
		{88A927DA-E0E0-4C6C-A40F-818229E53EF1}.Release|Any CPU.Build.0 = Release|Any CPU
	EndGlobalSection
	GlobalSection(SolutionProperties) = preSolution
		HideSolutionNode = FALSE
	EndGlobalSection
	GlobalSection(ExtensibilityGlobals) = postSolution
		SolutionGuid = {29BE5F5F-5C46-46D1-B627-785ED31EE2C8}
	EndGlobalSection
EndGlobal
